// !$*UTF8*$!
{
	archiveVersion = 1;
	classes = {
	};
	objectVersion = 56;
	objects = {

/* Begin PBXBuildFile section */
		CE196DBE2BEE504C00BC0C90 /* SwiftfulThinkingContiniuedLeraningApp.swift in Sources */ = {isa = PBXBuildFile; fileRef = CE196DBD2BEE504C00BC0C90 /* SwiftfulThinkingContiniuedLeraningApp.swift */; };
		CE196DC02BEE504C00BC0C90 /* ContentView.swift in Sources */ = {isa = PBXBuildFile; fileRef = CE196DBF2BEE504C00BC0C90 /* ContentView.swift */; };
		CE196DC22BEE504D00BC0C90 /* Assets.xcassets in Resources */ = {isa = PBXBuildFile; fileRef = CE196DC12BEE504D00BC0C90 /* Assets.xcassets */; };
		CE196DC52BEE504D00BC0C90 /* Preview Assets.xcassets in Resources */ = {isa = PBXBuildFile; fileRef = CE196DC42BEE504D00BC0C90 /* Preview Assets.xcassets */; };
		CE196DCC2BEE510A00BC0C90 /* LongPressGastureBootcamp.swift in Sources */ = {isa = PBXBuildFile; fileRef = CE196DCB2BEE510A00BC0C90 /* LongPressGastureBootcamp.swift */; };
		CE537B192BEE6DE10076D37A /* MagnificationGestureBootcamp.swift in Sources */ = {isa = PBXBuildFile; fileRef = CE537B182BEE6DE10076D37A /* MagnificationGestureBootcamp.swift */; };
		CE537B1B2BEE7B7A0076D37A /* RotationGestureBootcamp.swift in Sources */ = {isa = PBXBuildFile; fileRef = CE537B1A2BEE7B7A0076D37A /* RotationGestureBootcamp.swift */; };
		CE76C8332BEFA3300068DD36 /* DragGestureBootcampAdditional.swift in Sources */ = {isa = PBXBuildFile; fileRef = CE76C8322BEFA3300068DD36 /* DragGestureBootcampAdditional.swift */; };
		CE76C8352BEFADFD0068DD36 /* ScrollViewReaderBootcamp.swift in Sources */ = {isa = PBXBuildFile; fileRef = CE76C8342BEFADFD0068DD36 /* ScrollViewReaderBootcamp.swift */; };
		CE76C8372BEFB2DD0068DD36 /* GeometryReaderBootcamp.swift in Sources */ = {isa = PBXBuildFile; fileRef = CE76C8362BEFB2DD0068DD36 /* GeometryReaderBootcamp.swift */; };
		CE76C8392BEFCBA30068DD36 /* MultipleSheetsBootcamp.swift in Sources */ = {isa = PBXBuildFile; fileRef = CE76C8382BEFCBA30068DD36 /* MultipleSheetsBootcamp.swift */; };
		CE76C83B2BEFDB6B0068DD36 /* MaskBootcamp.swift in Sources */ = {isa = PBXBuildFile; fileRef = CE76C83A2BEFDB6B0068DD36 /* MaskBootcamp.swift */; };
		CE76C83D2BEFF0F00068DD36 /* SoundsBootcamp.swift in Sources */ = {isa = PBXBuildFile; fileRef = CE76C83C2BEFF0F00068DD36 /* SoundsBootcamp.swift */; };
		CE76C8412BF005650068DD36 /* tada.mp3 in Resources */ = {isa = PBXBuildFile; fileRef = CE76C83F2BF005650068DD36 /* tada.mp3 */; };
		CE76C8422BF005650068DD36 /* badum.mp3 in Resources */ = {isa = PBXBuildFile; fileRef = CE76C8402BF005650068DD36 /* badum.mp3 */; };
		CE76C8442BF00C950068DD36 /* HapticsBootcamp.swift in Sources */ = {isa = PBXBuildFile; fileRef = CE76C8432BF00C950068DD36 /* HapticsBootcamp.swift */; };
		CEE6B0D52BF163CB0077365A /* LocalNotificationBootcamp.swift in Sources */ = {isa = PBXBuildFile; fileRef = CEE6B0D42BF163CB0077365A /* LocalNotificationBootcamp.swift */; };
		CEFD5ADF2BEE8D320099E480 /* DragGestureBootcamp.swift in Sources */ = {isa = PBXBuildFile; fileRef = CEFD5ADE2BEE8D320099E480 /* DragGestureBootcamp.swift */; };
/* End PBXBuildFile section */

/* Begin PBXFileReference section */
		CE196DBA2BEE504C00BC0C90 /* SwiftfulThinkingContiniuedLeraning.app */ = {isa = PBXFileReference; explicitFileType = wrapper.application; includeInIndex = 0; path = SwiftfulThinkingContiniuedLeraning.app; sourceTree = BUILT_PRODUCTS_DIR; };
		CE196DBD2BEE504C00BC0C90 /* SwiftfulThinkingContiniuedLeraningApp.swift */ = {isa = PBXFileReference; lastKnownFileType = sourcecode.swift; path = SwiftfulThinkingContiniuedLeraningApp.swift; sourceTree = "<group>"; };
		CE196DBF2BEE504C00BC0C90 /* ContentView.swift */ = {isa = PBXFileReference; lastKnownFileType = sourcecode.swift; path = ContentView.swift; sourceTree = "<group>"; };
		CE196DC12BEE504D00BC0C90 /* Assets.xcassets */ = {isa = PBXFileReference; lastKnownFileType = folder.assetcatalog; path = Assets.xcassets; sourceTree = "<group>"; };
		CE196DC42BEE504D00BC0C90 /* Preview Assets.xcassets */ = {isa = PBXFileReference; lastKnownFileType = folder.assetcatalog; path = "Preview Assets.xcassets"; sourceTree = "<group>"; };
		CE196DCB2BEE510A00BC0C90 /* LongPressGastureBootcamp.swift */ = {isa = PBXFileReference; lastKnownFileType = sourcecode.swift; path = LongPressGastureBootcamp.swift; sourceTree = "<group>"; };
		CE537B182BEE6DE10076D37A /* MagnificationGestureBootcamp.swift */ = {isa = PBXFileReference; lastKnownFileType = sourcecode.swift; path = MagnificationGestureBootcamp.swift; sourceTree = "<group>"; };
		CE537B1A2BEE7B7A0076D37A /* RotationGestureBootcamp.swift */ = {isa = PBXFileReference; lastKnownFileType = sourcecode.swift; path = RotationGestureBootcamp.swift; sourceTree = "<group>"; };
		CE76C8322BEFA3300068DD36 /* DragGestureBootcampAdditional.swift */ = {isa = PBXFileReference; lastKnownFileType = sourcecode.swift; path = DragGestureBootcampAdditional.swift; sourceTree = "<group>"; };
		CE76C8342BEFADFD0068DD36 /* ScrollViewReaderBootcamp.swift */ = {isa = PBXFileReference; lastKnownFileType = sourcecode.swift; path = ScrollViewReaderBootcamp.swift; sourceTree = "<group>"; };
		CE76C8362BEFB2DD0068DD36 /* GeometryReaderBootcamp.swift */ = {isa = PBXFileReference; lastKnownFileType = sourcecode.swift; path = GeometryReaderBootcamp.swift; sourceTree = "<group>"; };
		CE76C8382BEFCBA30068DD36 /* MultipleSheetsBootcamp.swift */ = {isa = PBXFileReference; lastKnownFileType = sourcecode.swift; path = MultipleSheetsBootcamp.swift; sourceTree = "<group>"; };
		CE76C83A2BEFDB6B0068DD36 /* MaskBootcamp.swift */ = {isa = PBXFileReference; lastKnownFileType = sourcecode.swift; path = MaskBootcamp.swift; sourceTree = "<group>"; };
		CE76C83C2BEFF0F00068DD36 /* SoundsBootcamp.swift */ = {isa = PBXFileReference; lastKnownFileType = sourcecode.swift; path = SoundsBootcamp.swift; sourceTree = "<group>"; };
		CE76C83F2BF005650068DD36 /* tada.mp3 */ = {isa = PBXFileReference; lastKnownFileType = audio.mp3; path = tada.mp3; sourceTree = "<group>"; };
		CE76C8402BF005650068DD36 /* badum.mp3 */ = {isa = PBXFileReference; lastKnownFileType = audio.mp3; path = badum.mp3; sourceTree = "<group>"; };
		CE76C8432BF00C950068DD36 /* HapticsBootcamp.swift */ = {isa = PBXFileReference; lastKnownFileType = sourcecode.swift; path = HapticsBootcamp.swift; sourceTree = "<group>"; };
		CEE6B0D42BF163CB0077365A /* LocalNotificationBootcamp.swift */ = {isa = PBXFileReference; lastKnownFileType = sourcecode.swift; path = LocalNotificationBootcamp.swift; sourceTree = "<group>"; };
		CEFD5ADE2BEE8D320099E480 /* DragGestureBootcamp.swift */ = {isa = PBXFileReference; lastKnownFileType = sourcecode.swift; path = DragGestureBootcamp.swift; sourceTree = "<group>"; };
/* End PBXFileReference section */

/* Begin PBXFrameworksBuildPhase section */
		CE196DB72BEE504C00BC0C90 /* Frameworks */ = {
			isa = PBXFrameworksBuildPhase;
			buildActionMask = 2147483647;
			files = (
			);
			runOnlyForDeploymentPostprocessing = 0;
		};
/* End PBXFrameworksBuildPhase section */

/* Begin PBXGroup section */
		CE196DB12BEE504C00BC0C90 = {
			isa = PBXGroup;
			children = (
				CE196DBC2BEE504C00BC0C90 /* SwiftfulThinkingContiniuedLeraning */,
				CE196DBB2BEE504C00BC0C90 /* Products */,
			);
			sourceTree = "<group>";
		};
		CE196DBB2BEE504C00BC0C90 /* Products */ = {
			isa = PBXGroup;
			children = (
				CE196DBA2BEE504C00BC0C90 /* SwiftfulThinkingContiniuedLeraning.app */,
			);
			name = Products;
			sourceTree = "<group>";
		};
		CE196DBC2BEE504C00BC0C90 /* SwiftfulThinkingContiniuedLeraning */ = {
			isa = PBXGroup;
			children = (
				CE196DBD2BEE504C00BC0C90 /* SwiftfulThinkingContiniuedLeraningApp.swift */,
				CE196DBF2BEE504C00BC0C90 /* ContentView.swift */,
				CE196DCB2BEE510A00BC0C90 /* LongPressGastureBootcamp.swift */,
				CE537B182BEE6DE10076D37A /* MagnificationGestureBootcamp.swift */,
				CE537B1A2BEE7B7A0076D37A /* RotationGestureBootcamp.swift */,
				CEFD5ADE2BEE8D320099E480 /* DragGestureBootcamp.swift */,
				CE76C8322BEFA3300068DD36 /* DragGestureBootcampAdditional.swift */,
				CE76C8342BEFADFD0068DD36 /* ScrollViewReaderBootcamp.swift */,
				CE76C8362BEFB2DD0068DD36 /* GeometryReaderBootcamp.swift */,
				CE76C8382BEFCBA30068DD36 /* MultipleSheetsBootcamp.swift */,
				CE76C83A2BEFDB6B0068DD36 /* MaskBootcamp.swift */,
				CE76C83C2BEFF0F00068DD36 /* SoundsBootcamp.swift */,
				CE76C8432BF00C950068DD36 /* HapticsBootcamp.swift */,
				CEE6B0D42BF163CB0077365A /* LocalNotificationBootcamp.swift */,
				CE76C83E2BF005030068DD36 /* Sounds */,
				CE196DC12BEE504D00BC0C90 /* Assets.xcassets */,
				CE196DC32BEE504D00BC0C90 /* Preview Content */,
			);
			path = SwiftfulThinkingContiniuedLeraning;
			sourceTree = "<group>";
		};
		CE196DC32BEE504D00BC0C90 /* Preview Content */ = {
			isa = PBXGroup;
			children = (
				CE196DC42BEE504D00BC0C90 /* Preview Assets.xcassets */,
			);
			path = "Preview Content";
			sourceTree = "<group>";
		};
		CE76C83E2BF005030068DD36 /* Sounds */ = {
			isa = PBXGroup;
			children = (
				CE76C8402BF005650068DD36 /* badum.mp3 */,
				CE76C83F2BF005650068DD36 /* tada.mp3 */,
			);
			path = Sounds;
			sourceTree = "<group>";
		};
/* End PBXGroup section */

/* Begin PBXNativeTarget section */
		CE196DB92BEE504C00BC0C90 /* SwiftfulThinkingContiniuedLeraning */ = {
			isa = PBXNativeTarget;
			buildConfigurationList = CE196DC82BEE504D00BC0C90 /* Build configuration list for PBXNativeTarget "SwiftfulThinkingContiniuedLeraning" */;
			buildPhases = (
				CE196DB62BEE504C00BC0C90 /* Sources */,
				CE196DB72BEE504C00BC0C90 /* Frameworks */,
				CE196DB82BEE504C00BC0C90 /* Resources */,
			);
			buildRules = (
			);
			dependencies = (
			);
			name = SwiftfulThinkingContiniuedLeraning;
			productName = SwiftfulThinkingContiniuedLeraning;
			productReference = CE196DBA2BEE504C00BC0C90 /* SwiftfulThinkingContiniuedLeraning.app */;
			productType = "com.apple.product-type.application";
		};
/* End PBXNativeTarget section */

/* Begin PBXProject section */
		CE196DB22BEE504C00BC0C90 /* Project object */ = {
			isa = PBXProject;
			attributes = {
				BuildIndependentTargetsInParallel = 1;
				LastSwiftUpdateCheck = 1530;
				LastUpgradeCheck = 1530;
				TargetAttributes = {
					CE196DB92BEE504C00BC0C90 = {
						CreatedOnToolsVersion = 15.3;
					};
				};
			};
			buildConfigurationList = CE196DB52BEE504C00BC0C90 /* Build configuration list for PBXProject "SwiftfulThinkingContiniuedLeraning" */;
			compatibilityVersion = "Xcode 14.0";
			developmentRegion = en;
			hasScannedForEncodings = 0;
			knownRegions = (
				en,
				Base,
			);
			mainGroup = CE196DB12BEE504C00BC0C90;
			productRefGroup = CE196DBB2BEE504C00BC0C90 /* Products */;
			projectDirPath = "";
			projectRoot = "";
			targets = (
				CE196DB92BEE504C00BC0C90 /* SwiftfulThinkingContiniuedLeraning */,
			);
		};
/* End PBXProject section */

/* Begin PBXResourcesBuildPhase section */
		CE196DB82BEE504C00BC0C90 /* Resources */ = {
			isa = PBXResourcesBuildPhase;
			buildActionMask = 2147483647;
			files = (
				CE76C8422BF005650068DD36 /* badum.mp3 in Resources */,
				CE196DC52BEE504D00BC0C90 /* Preview Assets.xcassets in Resources */,
				CE196DC22BEE504D00BC0C90 /* Assets.xcassets in Resources */,
				CE76C8412BF005650068DD36 /* tada.mp3 in Resources */,
			);
			runOnlyForDeploymentPostprocessing = 0;
		};
/* End PBXResourcesBuildPhase section */

/* Begin PBXSourcesBuildPhase section */
		CE196DB62BEE504C00BC0C90 /* Sources */ = {
			isa = PBXSourcesBuildPhase;
			buildActionMask = 2147483647;
			files = (
				CE76C83D2BEFF0F00068DD36 /* SoundsBootcamp.swift in Sources */,
				CEFD5ADF2BEE8D320099E480 /* DragGestureBootcamp.swift in Sources */,
				CE76C83B2BEFDB6B0068DD36 /* MaskBootcamp.swift in Sources */,
				CE196DC02BEE504C00BC0C90 /* ContentView.swift in Sources */,
				CE196DCC2BEE510A00BC0C90 /* LongPressGastureBootcamp.swift in Sources */,
				CEE6B0D52BF163CB0077365A /* LocalNotificationBootcamp.swift in Sources */,
				CE76C8352BEFADFD0068DD36 /* ScrollViewReaderBootcamp.swift in Sources */,
				CE76C8392BEFCBA30068DD36 /* MultipleSheetsBootcamp.swift in Sources */,
				CE537B192BEE6DE10076D37A /* MagnificationGestureBootcamp.swift in Sources */,
				CE196DBE2BEE504C00BC0C90 /* SwiftfulThinkingContiniuedLeraningApp.swift in Sources */,
				CE76C8372BEFB2DD0068DD36 /* GeometryReaderBootcamp.swift in Sources */,
				CE76C8442BF00C950068DD36 /* HapticsBootcamp.swift in Sources */,
				CE537B1B2BEE7B7A0076D37A /* RotationGestureBootcamp.swift in Sources */,
				CE76C8332BEFA3300068DD36 /* DragGestureBootcampAdditional.swift in Sources */,
			);
			runOnlyForDeploymentPostprocessing = 0;
		};
/* End PBXSourcesBuildPhase section */

/* Begin XCBuildConfiguration section */
		CE196DC62BEE504D00BC0C90 /* Debug */ = {
			isa = XCBuildConfiguration;
			buildSettings = {
				ALWAYS_SEARCH_USER_PATHS = NO;
				ASSETCATALOG_COMPILER_GENERATE_SWIFT_ASSET_SYMBOL_EXTENSIONS = YES;
				CLANG_ANALYZER_NONNULL = YES;
				CLANG_ANALYZER_NUMBER_OBJECT_CONVERSION = YES_AGGRESSIVE;
				CLANG_CXX_LANGUAGE_STANDARD = "gnu++20";
				CLANG_ENABLE_MODULES = YES;
				CLANG_ENABLE_OBJC_ARC = YES;
				CLANG_ENABLE_OBJC_WEAK = YES;
				CLANG_WARN_BLOCK_CAPTURE_AUTORELEASING = YES;
				CLANG_WARN_BOOL_CONVERSION = YES;
				CLANG_WARN_COMMA = YES;
				CLANG_WARN_CONSTANT_CONVERSION = YES;
				CLANG_WARN_DEPRECATED_OBJC_IMPLEMENTATIONS = YES;
				CLANG_WARN_DIRECT_OBJC_ISA_USAGE = YES_ERROR;
				CLANG_WARN_DOCUMENTATION_COMMENTS = YES;
				CLANG_WARN_EMPTY_BODY = YES;
				CLANG_WARN_ENUM_CONVERSION = YES;
				CLANG_WARN_INFINITE_RECURSION = YES;
				CLANG_WARN_INT_CONVERSION = YES;
				CLANG_WARN_NON_LITERAL_NULL_CONVERSION = YES;
				CLANG_WARN_OBJC_IMPLICIT_RETAIN_SELF = YES;
				CLANG_WARN_OBJC_LITERAL_CONVERSION = YES;
				CLANG_WARN_OBJC_ROOT_CLASS = YES_ERROR;
				CLANG_WARN_QUOTED_INCLUDE_IN_FRAMEWORK_HEADER = YES;
				CLANG_WARN_RANGE_LOOP_ANALYSIS = YES;
				CLANG_WARN_STRICT_PROTOTYPES = YES;
				CLANG_WARN_SUSPICIOUS_MOVE = YES;
				CLANG_WARN_UNGUARDED_AVAILABILITY = YES_AGGRESSIVE;
				CLANG_WARN_UNREACHABLE_CODE = YES;
				CLANG_WARN__DUPLICATE_METHOD_MATCH = YES;
				COPY_PHASE_STRIP = NO;
				DEBUG_INFORMATION_FORMAT = dwarf;
				ENABLE_STRICT_OBJC_MSGSEND = YES;
				ENABLE_TESTABILITY = YES;
				ENABLE_USER_SCRIPT_SANDBOXING = YES;
				GCC_C_LANGUAGE_STANDARD = gnu17;
				GCC_DYNAMIC_NO_PIC = NO;
				GCC_NO_COMMON_BLOCKS = YES;
				GCC_OPTIMIZATION_LEVEL = 0;
				GCC_PREPROCESSOR_DEFINITIONS = (
					"DEBUG=1",
					"$(inherited)",
				);
				GCC_WARN_64_TO_32_BIT_CONVERSION = YES;
				GCC_WARN_ABOUT_RETURN_TYPE = YES_ERROR;
				GCC_WARN_UNDECLARED_SELECTOR = YES;
				GCC_WARN_UNINITIALIZED_AUTOS = YES_AGGRESSIVE;
				GCC_WARN_UNUSED_FUNCTION = YES;
				GCC_WARN_UNUSED_VARIABLE = YES;
				IPHONEOS_DEPLOYMENT_TARGET = 17.4;
				LOCALIZATION_PREFERS_STRING_CATALOGS = YES;
				MTL_ENABLE_DEBUG_INFO = INCLUDE_SOURCE;
				MTL_FAST_MATH = YES;
				ONLY_ACTIVE_ARCH = YES;
				SDKROOT = iphoneos;
				SWIFT_ACTIVE_COMPILATION_CONDITIONS = "DEBUG $(inherited)";
				SWIFT_OPTIMIZATION_LEVEL = "-Onone";
			};
			name = Debug;
		};
		CE196DC72BEE504D00BC0C90 /* Release */ = {
			isa = XCBuildConfiguration;
			buildSettings = {
				ALWAYS_SEARCH_USER_PATHS = NO;
				ASSETCATALOG_COMPILER_GENERATE_SWIFT_ASSET_SYMBOL_EXTENSIONS = YES;
				CLANG_ANALYZER_NONNULL = YES;
				CLANG_ANALYZER_NUMBER_OBJECT_CONVERSION = YES_AGGRESSIVE;
				CLANG_CXX_LANGUAGE_STANDARD = "gnu++20";
				CLANG_ENABLE_MODULES = YES;
				CLANG_ENABLE_OBJC_ARC = YES;
				CLANG_ENABLE_OBJC_WEAK = YES;
				CLANG_WARN_BLOCK_CAPTURE_AUTORELEASING = YES;
				CLANG_WARN_BOOL_CONVERSION = YES;
				CLANG_WARN_COMMA = YES;
				CLANG_WARN_CONSTANT_CONVERSION = YES;
				CLANG_WARN_DEPRECATED_OBJC_IMPLEMENTATIONS = YES;
				CLANG_WARN_DIRECT_OBJC_ISA_USAGE = YES_ERROR;
				CLANG_WARN_DOCUMENTATION_COMMENTS = YES;
				CLANG_WARN_EMPTY_BODY = YES;
				CLANG_WARN_ENUM_CONVERSION = YES;
				CLANG_WARN_INFINITE_RECURSION = YES;
				CLANG_WARN_INT_CONVERSION = YES;
				CLANG_WARN_NON_LITERAL_NULL_CONVERSION = YES;
				CLANG_WARN_OBJC_IMPLICIT_RETAIN_SELF = YES;
				CLANG_WARN_OBJC_LITERAL_CONVERSION = YES;
				CLANG_WARN_OBJC_ROOT_CLASS = YES_ERROR;
				CLANG_WARN_QUOTED_INCLUDE_IN_FRAMEWORK_HEADER = YES;
				CLANG_WARN_RANGE_LOOP_ANALYSIS = YES;
				CLANG_WARN_STRICT_PROTOTYPES = YES;
				CLANG_WARN_SUSPICIOUS_MOVE = YES;
				CLANG_WARN_UNGUARDED_AVAILABILITY = YES_AGGRESSIVE;
				CLANG_WARN_UNREACHABLE_CODE = YES;
				CLANG_WARN__DUPLICATE_METHOD_MATCH = YES;
				COPY_PHASE_STRIP = NO;
				DEBUG_INFORMATION_FORMAT = "dwarf-with-dsym";
				ENABLE_NS_ASSERTIONS = NO;
				ENABLE_STRICT_OBJC_MSGSEND = YES;
				ENABLE_USER_SCRIPT_SANDBOXING = YES;
				GCC_C_LANGUAGE_STANDARD = gnu17;
				GCC_NO_COMMON_BLOCKS = YES;
				GCC_WARN_64_TO_32_BIT_CONVERSION = YES;
				GCC_WARN_ABOUT_RETURN_TYPE = YES_ERROR;
				GCC_WARN_UNDECLARED_SELECTOR = YES;
				GCC_WARN_UNINITIALIZED_AUTOS = YES_AGGRESSIVE;
				GCC_WARN_UNUSED_FUNCTION = YES;
				GCC_WARN_UNUSED_VARIABLE = YES;
				IPHONEOS_DEPLOYMENT_TARGET = 17.4;
				LOCALIZATION_PREFERS_STRING_CATALOGS = YES;
				MTL_ENABLE_DEBUG_INFO = NO;
				MTL_FAST_MATH = YES;
				SDKROOT = iphoneos;
				SWIFT_COMPILATION_MODE = wholemodule;
				VALIDATE_PRODUCT = YES;
			};
			name = Release;
		};
		CE196DC92BEE504D00BC0C90 /* Debug */ = {
			isa = XCBuildConfiguration;
			buildSettings = {
				ASSETCATALOG_COMPILER_APPICON_NAME = AppIcon;
				ASSETCATALOG_COMPILER_GLOBAL_ACCENT_COLOR_NAME = AccentColor;
				CODE_SIGN_STYLE = Automatic;
				CURRENT_PROJECT_VERSION = 1;
				DEVELOPMENT_ASSET_PATHS = "\"SwiftfulThinkingContiniuedLeraning/Preview Content\"";
				DEVELOPMENT_TEAM = 56S6D7P45J;
				ENABLE_PREVIEWS = YES;
				GENERATE_INFOPLIST_FILE = YES;
				INFOPLIST_KEY_UIApplicationSceneManifest_Generation = YES;
				INFOPLIST_KEY_UIApplicationSupportsIndirectInputEvents = YES;
				INFOPLIST_KEY_UILaunchScreen_Generation = YES;
				INFOPLIST_KEY_UISupportedInterfaceOrientations_iPad = "UIInterfaceOrientationPortrait UIInterfaceOrientationPortraitUpsideDown UIInterfaceOrientationLandscapeLeft UIInterfaceOrientationLandscapeRight";
				INFOPLIST_KEY_UISupportedInterfaceOrientations_iPhone = "UIInterfaceOrientationPortrait UIInterfaceOrientationLandscapeLeft UIInterfaceOrientationLandscapeRight";
				LD_RUNPATH_SEARCH_PATHS = (
					"$(inherited)",
					"@executable_path/Frameworks",
				);
				MARKETING_VERSION = 1.0;
				PRODUCT_BUNDLE_IDENTIFIER = michael.SwiftfulThinkingContiniuedLeraning;
				PRODUCT_NAME = "$(TARGET_NAME)";
				SWIFT_EMIT_LOC_STRINGS = YES;
				SWIFT_VERSION = 5.0;
				TARGETED_DEVICE_FAMILY = "1,2";
			};
			name = Debug;
		};
		CE196DCA2BEE504D00BC0C90 /* Release */ = {
			isa = XCBuildConfiguration;
			buildSettings = {
				ASSETCATALOG_COMPILER_APPICON_NAME = AppIcon;
				ASSETCATALOG_COMPILER_GLOBAL_ACCENT_COLOR_NAME = AccentColor;
				CODE_SIGN_STYLE = Automatic;
				CURRENT_PROJECT_VERSION = 1;
				DEVELOPMENT_ASSET_PATHS = "\"SwiftfulThinkingContiniuedLeraning/Preview Content\"";
				DEVELOPMENT_TEAM = 56S6D7P45J;
				ENABLE_PREVIEWS = YES;
				GENERATE_INFOPLIST_FILE = YES;
				INFOPLIST_KEY_UIApplicationSceneManifest_Generation = YES;
				INFOPLIST_KEY_UIApplicationSupportsIndirectInputEvents = YES;
				INFOPLIST_KEY_UILaunchScreen_Generation = YES;
				INFOPLIST_KEY_UISupportedInterfaceOrientations_iPad = "UIInterfaceOrientationPortrait UIInterfaceOrientationPortraitUpsideDown UIInterfaceOrientationLandscapeLeft UIInterfaceOrientationLandscapeRight";
				INFOPLIST_KEY_UISupportedInterfaceOrientations_iPhone = "UIInterfaceOrientationPortrait UIInterfaceOrientationLandscapeLeft UIInterfaceOrientationLandscapeRight";
				LD_RUNPATH_SEARCH_PATHS = (
					"$(inherited)",
					"@executable_path/Frameworks",
				);
				MARKETING_VERSION = 1.0;
				PRODUCT_BUNDLE_IDENTIFIER = michael.SwiftfulThinkingContiniuedLeraning;
				PRODUCT_NAME = "$(TARGET_NAME)";
				SWIFT_EMIT_LOC_STRINGS = YES;
				SWIFT_VERSION = 5.0;
				TARGETED_DEVICE_FAMILY = "1,2";
			};
			name = Release;
		};
/* End XCBuildConfiguration section */

/* Begin XCConfigurationList section */
		CE196DB52BEE504C00BC0C90 /* Build configuration list for PBXProject "SwiftfulThinkingContiniuedLeraning" */ = {
			isa = XCConfigurationList;
			buildConfigurations = (
				CE196DC62BEE504D00BC0C90 /* Debug */,
				CE196DC72BEE504D00BC0C90 /* Release */,
			);
			defaultConfigurationIsVisible = 0;
			defaultConfigurationName = Release;
		};
		CE196DC82BEE504D00BC0C90 /* Build configuration list for PBXNativeTarget "SwiftfulThinkingContiniuedLeraning" */ = {
			isa = XCConfigurationList;
			buildConfigurations = (
				CE196DC92BEE504D00BC0C90 /* Debug */,
				CE196DCA2BEE504D00BC0C90 /* Release */,
			);
			defaultConfigurationIsVisible = 0;
			defaultConfigurationName = Release;
		};
/* End XCConfigurationList section */
	};
	rootObject = CE196DB22BEE504C00BC0C90 /* Project object */;
}
